
Microsoft Visual Studio Solution File, Format Version 12.00
# Visual Studio Version 17
VisualStudioVersion = 17.9.34714.143
MinimumVisualStudioVersion = 10.0.40219.1
Project("{FAE04EC0-301F-11D3-BF4B-00C04F79EFBC}") = "LiBr_Refrigerator_Design", "LiBr_Refrigerator_Design.csproj", "{ADA381C2-5DB0-48B7-834D-69B237C6AF90}"
EndProject
Global
	GlobalSection(SolutionConfigurationPlatforms) = preSolution
		Debug|Any CPU = Debug|Any CPU
		Release|Any CPU = Release|Any CPU
	EndGlobalSection
	GlobalSection(ProjectConfigurationPlatforms) = postSolution
		{ADA381C2-5DB0-48B7-834D-69B237C6AF90}.Debug|Any CPU.ActiveCfg = Debug|Any CPU
		{ADA381C2-5DB0-48B7-834D-69B237C6AF90}.Debug|Any CPU.Build.0 = Debug|Any CPU
		{ADA381C2-5DB0-48B7-834D-69B237C6AF90}.Release|Any CPU.ActiveCfg = Release|Any CPU
		{ADA381C2-5DB0-48B7-834D-69B237C6AF90}.Release|Any CPU.Build.0 = Release|Any CPU
	EndGlobalSection
	GlobalSection(SolutionProperties) = preSolution
		HideSolutionNode = FALSE
	EndGlobalSection
	GlobalSection(ExtensibilityGlobals) = postSolution
		SolutionGuid = {24309598-CC7A-47C6-972A-054B0E341B88}
	EndGlobalSection
EndGlobal
